// !$*UTF8*$!
{
	archiveVersion = 1;
	classes = {
	};
	objectVersion = 51;
	objects = {

/* Begin PBXBuildFile section */
		11E38C86614E469FF2E6AF24 /* Pods_Messenger.framework in Frameworks */ = {isa = PBXBuildFile; fileRef = 180194B464DA7800B6BF4DE2 /* Pods_Messenger.framework */; };
		8BFF518D47555BFECD015619 /* Pods_MessengerTests.framework in Frameworks */ = {isa = PBXBuildFile; fileRef = E76A28557FF18A1B41A9B157 /* Pods_MessengerTests.framework */; };
		AD4606B0A8E02A10A2A9571B /* Pods_Messenger_MessengerUITests.framework in Frameworks */ = {isa = PBXBuildFile; fileRef = 8D4811FCB09CF1BFE2ABAE6C /* Pods_Messenger_MessengerUITests.framework */; };
		F79E7173256CC818005EF62B /* AppDelegate.swift in Sources */ = {isa = PBXBuildFile; fileRef = F79E7172256CC818005EF62B /* AppDelegate.swift */; };
		F79E7175256CC818005EF62B /* SceneDelegate.swift in Sources */ = {isa = PBXBuildFile; fileRef = F79E7174256CC818005EF62B /* SceneDelegate.swift */; };
		F79E7177256CC818005EF62B /* ConversationsViewController.swift in Sources */ = {isa = PBXBuildFile; fileRef = F79E7176256CC818005EF62B /* ConversationsViewController.swift */; };
		F79E717A256CC818005EF62B /* Main.storyboard in Resources */ = {isa = PBXBuildFile; fileRef = F79E7178256CC818005EF62B /* Main.storyboard */; };
		F79E717D256CC818005EF62B /* Messenger.xcdatamodeld in Sources */ = {isa = PBXBuildFile; fileRef = F79E717B256CC818005EF62B /* Messenger.xcdatamodeld */; };
		F79E717F256CC81B005EF62B /* Assets.xcassets in Resources */ = {isa = PBXBuildFile; fileRef = F79E717E256CC81B005EF62B /* Assets.xcassets */; };
		F79E7182256CC81B005EF62B /* LaunchScreen.storyboard in Resources */ = {isa = PBXBuildFile; fileRef = F79E7180256CC81B005EF62B /* LaunchScreen.storyboard */; };
		F79E718D256CC81B005EF62B /* MessengerTests.swift in Sources */ = {isa = PBXBuildFile; fileRef = F79E718C256CC81B005EF62B /* MessengerTests.swift */; };
		F79E7198256CC81B005EF62B /* MessengerUITests.swift in Sources */ = {isa = PBXBuildFile; fileRef = F79E7197256CC81B005EF62B /* MessengerUITests.swift */; };
		F79E71B6256CCA29005EF62B /* LoginViewController.swift in Sources */ = {isa = PBXBuildFile; fileRef = F79E71B5256CCA29005EF62B /* LoginViewController.swift */; };
		F79E71BE256CCA3A005EF62B /* RegisterViewController.swift in Sources */ = {isa = PBXBuildFile; fileRef = F79E71BD256CCA3A005EF62B /* RegisterViewController.swift */; };
		F79E71C3256CD8A6005EF62B /* NewConversationViewController.swift in Sources */ = {isa = PBXBuildFile; fileRef = F79E71C2256CD8A6005EF62B /* NewConversationViewController.swift */; };
		F79E71C8256CD8B9005EF62B /* ProfileViewController.swift in Sources */ = {isa = PBXBuildFile; fileRef = F79E71C7256CD8B9005EF62B /* ProfileViewController.swift */; };
		F79E71CD256CD8D8005EF62B /* PhotoViewerViewController.swift in Sources */ = {isa = PBXBuildFile; fileRef = F79E71CC256CD8D8005EF62B /* PhotoViewerViewController.swift */; };
		F79E71D5256CD8F8005EF62B /* VideoViewerViewController.swift in Sources */ = {isa = PBXBuildFile; fileRef = F79E71D4256CD8F8005EF62B /* VideoViewerViewController.swift */; };
		F79E71EC256CE129005EF62B /* Login.storyboard in Resources */ = {isa = PBXBuildFile; fileRef = F79E71EB256CE129005EF62B /* Login.storyboard */; };
		F79E7208256D482C005EF62B /* GoogleService-Info.plist in Resources */ = {isa = PBXBuildFile; fileRef = F79E7207256D482C005EF62B /* GoogleService-Info.plist */; };
		F79E720D256DFAAA005EF62B /* DatabaseManager.swift in Sources */ = {isa = PBXBuildFile; fileRef = F79E720C256DFAA9005EF62B /* DatabaseManager.swift */; };
		F79E7212256E268A005EF62B /* ProfileCell.swift in Sources */ = {isa = PBXBuildFile; fileRef = F79E7211256E268A005EF62B /* ProfileCell.swift */; };
		F79E7268256F7FF1005EF62B /* ConversationsCell.swift in Sources */ = {isa = PBXBuildFile; fileRef = F79E7267256F7FF1005EF62B /* ConversationsCell.swift */; };
		F79E7278256F8262005EF62B /* ChatViewController.swift in Sources */ = {isa = PBXBuildFile; fileRef = F79E7277256F8262005EF62B /* ChatViewController.swift */; };
		F79E7283256F9435005EF62B /* NewConversationCell.swift in Sources */ = {isa = PBXBuildFile; fileRef = F79E7282256F9434005EF62B /* NewConversationCell.swift */; };
/* End PBXBuildFile section */

/* Begin PBXContainerItemProxy section */
		F79E7189256CC81B005EF62B /* PBXContainerItemProxy */ = {
			isa = PBXContainerItemProxy;
			containerPortal = F79E7167256CC818005EF62B /* Project object */;
			proxyType = 1;
			remoteGlobalIDString = F79E716E256CC818005EF62B;
			remoteInfo = Messenger;
		};
		F79E7194256CC81B005EF62B /* PBXContainerItemProxy */ = {
			isa = PBXContainerItemProxy;
			containerPortal = F79E7167256CC818005EF62B /* Project object */;
			proxyType = 1;
			remoteGlobalIDString = F79E716E256CC818005EF62B;
			remoteInfo = Messenger;
		};
/* End PBXContainerItemProxy section */

/* Begin PBXFileReference section */
		180194B464DA7800B6BF4DE2 /* Pods_Messenger.framework */ = {isa = PBXFileReference; explicitFileType = wrapper.framework; includeInIndex = 0; path = Pods_Messenger.framework; sourceTree = BUILT_PRODUCTS_DIR; };
		32AB0523AC0FD36B71FFED7A /* Pods-Messenger-MessengerUITests.release.xcconfig */ = {isa = PBXFileReference; includeInIndex = 1; lastKnownFileType = text.xcconfig; name = "Pods-Messenger-MessengerUITests.release.xcconfig"; path = "Target Support Files/Pods-Messenger-MessengerUITests/Pods-Messenger-MessengerUITests.release.xcconfig"; sourceTree = "<group>"; };
		553AB4EBB447E004872ED532 /* Pods-Messenger.debug.xcconfig */ = {isa = PBXFileReference; includeInIndex = 1; lastKnownFileType = text.xcconfig; name = "Pods-Messenger.debug.xcconfig"; path = "Target Support Files/Pods-Messenger/Pods-Messenger.debug.xcconfig"; sourceTree = "<group>"; };
		57C18525FCFAA9EC5C26A03C /* Pods-MessengerTests.debug.xcconfig */ = {isa = PBXFileReference; includeInIndex = 1; lastKnownFileType = text.xcconfig; name = "Pods-MessengerTests.debug.xcconfig"; path = "Target Support Files/Pods-MessengerTests/Pods-MessengerTests.debug.xcconfig"; sourceTree = "<group>"; };
		8D4811FCB09CF1BFE2ABAE6C /* Pods_Messenger_MessengerUITests.framework */ = {isa = PBXFileReference; explicitFileType = wrapper.framework; includeInIndex = 0; path = Pods_Messenger_MessengerUITests.framework; sourceTree = BUILT_PRODUCTS_DIR; };
		AACA06C7161F872C92213DAD /* Pods-Messenger.release.xcconfig */ = {isa = PBXFileReference; includeInIndex = 1; lastKnownFileType = text.xcconfig; name = "Pods-Messenger.release.xcconfig"; path = "Target Support Files/Pods-Messenger/Pods-Messenger.release.xcconfig"; sourceTree = "<group>"; };
		E30878D3EF8DC816D20DB94D /* Pods-MessengerTests.release.xcconfig */ = {isa = PBXFileReference; includeInIndex = 1; lastKnownFileType = text.xcconfig; name = "Pods-MessengerTests.release.xcconfig"; path = "Target Support Files/Pods-MessengerTests/Pods-MessengerTests.release.xcconfig"; sourceTree = "<group>"; };
		E4C813B6A1DE22D62848480C /* Pods-Messenger-MessengerUITests.debug.xcconfig */ = {isa = PBXFileReference; includeInIndex = 1; lastKnownFileType = text.xcconfig; name = "Pods-Messenger-MessengerUITests.debug.xcconfig"; path = "Target Support Files/Pods-Messenger-MessengerUITests/Pods-Messenger-MessengerUITests.debug.xcconfig"; sourceTree = "<group>"; };
		E76A28557FF18A1B41A9B157 /* Pods_MessengerTests.framework */ = {isa = PBXFileReference; explicitFileType = wrapper.framework; includeInIndex = 0; path = Pods_MessengerTests.framework; sourceTree = BUILT_PRODUCTS_DIR; };
		F79E716F256CC818005EF62B /* Messenger.app */ = {isa = PBXFileReference; explicitFileType = wrapper.application; includeInIndex = 0; path = Messenger.app; sourceTree = BUILT_PRODUCTS_DIR; };
		F79E7172256CC818005EF62B /* AppDelegate.swift */ = {isa = PBXFileReference; lastKnownFileType = sourcecode.swift; path = AppDelegate.swift; sourceTree = "<group>"; };
		F79E7174256CC818005EF62B /* SceneDelegate.swift */ = {isa = PBXFileReference; lastKnownFileType = sourcecode.swift; path = SceneDelegate.swift; sourceTree = "<group>"; };
		F79E7176256CC818005EF62B /* ConversationsViewController.swift */ = {isa = PBXFileReference; lastKnownFileType = sourcecode.swift; path = ConversationsViewController.swift; sourceTree = "<group>"; };
		F79E7179256CC818005EF62B /* Base */ = {isa = PBXFileReference; lastKnownFileType = file.storyboard; name = Base; path = Base.lproj/Main.storyboard; sourceTree = "<group>"; };
		F79E717C256CC818005EF62B /* Messenger.xcdatamodel */ = {isa = PBXFileReference; lastKnownFileType = wrapper.xcdatamodel; path = Messenger.xcdatamodel; sourceTree = "<group>"; };
		F79E717E256CC81B005EF62B /* Assets.xcassets */ = {isa = PBXFileReference; lastKnownFileType = folder.assetcatalog; path = Assets.xcassets; sourceTree = "<group>"; };
		F79E7181256CC81B005EF62B /* Base */ = {isa = PBXFileReference; lastKnownFileType = file.storyboard; name = Base; path = Base.lproj/LaunchScreen.storyboard; sourceTree = "<group>"; };
		F79E7183256CC81B005EF62B /* Info.plist */ = {isa = PBXFileReference; lastKnownFileType = text.plist.xml; path = Info.plist; sourceTree = "<group>"; };
		F79E7188256CC81B005EF62B /* MessengerTests.xctest */ = {isa = PBXFileReference; explicitFileType = wrapper.cfbundle; includeInIndex = 0; path = MessengerTests.xctest; sourceTree = BUILT_PRODUCTS_DIR; };
		F79E718C256CC81B005EF62B /* MessengerTests.swift */ = {isa = PBXFileReference; lastKnownFileType = sourcecode.swift; path = MessengerTests.swift; sourceTree = "<group>"; };
		F79E718E256CC81B005EF62B /* Info.plist */ = {isa = PBXFileReference; lastKnownFileType = text.plist.xml; path = Info.plist; sourceTree = "<group>"; };
		F79E7193256CC81B005EF62B /* MessengerUITests.xctest */ = {isa = PBXFileReference; explicitFileType = wrapper.cfbundle; includeInIndex = 0; path = MessengerUITests.xctest; sourceTree = BUILT_PRODUCTS_DIR; };
		F79E7197256CC81B005EF62B /* MessengerUITests.swift */ = {isa = PBXFileReference; lastKnownFileType = sourcecode.swift; path = MessengerUITests.swift; sourceTree = "<group>"; };
		F79E7199256CC81B005EF62B /* Info.plist */ = {isa = PBXFileReference; lastKnownFileType = text.plist.xml; path = Info.plist; sourceTree = "<group>"; };
		F79E71B5256CCA29005EF62B /* LoginViewController.swift */ = {isa = PBXFileReference; lastKnownFileType = sourcecode.swift; path = LoginViewController.swift; sourceTree = "<group>"; };
		F79E71BD256CCA3A005EF62B /* RegisterViewController.swift */ = {isa = PBXFileReference; lastKnownFileType = sourcecode.swift; path = RegisterViewController.swift; sourceTree = "<group>"; };
		F79E71C2256CD8A6005EF62B /* NewConversationViewController.swift */ = {isa = PBXFileReference; lastKnownFileType = sourcecode.swift; path = NewConversationViewController.swift; sourceTree = "<group>"; };
		F79E71C7256CD8B9005EF62B /* ProfileViewController.swift */ = {isa = PBXFileReference; lastKnownFileType = sourcecode.swift; path = ProfileViewController.swift; sourceTree = "<group>"; };
		F79E71CC256CD8D8005EF62B /* PhotoViewerViewController.swift */ = {isa = PBXFileReference; lastKnownFileType = sourcecode.swift; path = PhotoViewerViewController.swift; sourceTree = "<group>"; };
		F79E71D4256CD8F8005EF62B /* VideoViewerViewController.swift */ = {isa = PBXFileReference; lastKnownFileType = sourcecode.swift; path = VideoViewerViewController.swift; sourceTree = "<group>"; };
		F79E71EB256CE129005EF62B /* Login.storyboard */ = {isa = PBXFileReference; lastKnownFileType = file.storyboard; path = Login.storyboard; sourceTree = "<group>"; };
		F79E7207256D482C005EF62B /* GoogleService-Info.plist */ = {isa = PBXFileReference; fileEncoding = 4; lastKnownFileType = text.plist.xml; path = "GoogleService-Info.plist"; sourceTree = "<group>"; };
		F79E720C256DFAA9005EF62B /* DatabaseManager.swift */ = {isa = PBXFileReference; lastKnownFileType = sourcecode.swift; path = DatabaseManager.swift; sourceTree = "<group>"; };
		F79E7211256E268A005EF62B /* ProfileCell.swift */ = {isa = PBXFileReference; lastKnownFileType = sourcecode.swift; path = ProfileCell.swift; sourceTree = "<group>"; };
		F79E7267256F7FF1005EF62B /* ConversationsCell.swift */ = {isa = PBXFileReference; lastKnownFileType = sourcecode.swift; path = ConversationsCell.swift; sourceTree = "<group>"; };
		F79E7277256F8262005EF62B /* ChatViewController.swift */ = {isa = PBXFileReference; lastKnownFileType = sourcecode.swift; path = ChatViewController.swift; sourceTree = "<group>"; };
		F79E7282256F9434005EF62B /* NewConversationCell.swift */ = {isa = PBXFileReference; lastKnownFileType = sourcecode.swift; path = NewConversationCell.swift; sourceTree = "<group>"; };
/* End PBXFileReference section */

/* Begin PBXFrameworksBuildPhase section */
		F79E716C256CC818005EF62B /* Frameworks */ = {
			isa = PBXFrameworksBuildPhase;
			buildActionMask = 2147483647;
			files = (
				11E38C86614E469FF2E6AF24 /* Pods_Messenger.framework in Frameworks */,
			);
			runOnlyForDeploymentPostprocessing = 0;
		};
		F79E7185256CC81B005EF62B /* Frameworks */ = {
			isa = PBXFrameworksBuildPhase;
			buildActionMask = 2147483647;
			files = (
				8BFF518D47555BFECD015619 /* Pods_MessengerTests.framework in Frameworks */,
			);
			runOnlyForDeploymentPostprocessing = 0;
		};
		F79E7190256CC81B005EF62B /* Frameworks */ = {
			isa = PBXFrameworksBuildPhase;
			buildActionMask = 2147483647;
			files = (
				AD4606B0A8E02A10A2A9571B /* Pods_Messenger_MessengerUITests.framework in Frameworks */,
			);
			runOnlyForDeploymentPostprocessing = 0;
		};
/* End PBXFrameworksBuildPhase section */

/* Begin PBXGroup section */
		B4CB37B786559ED7EC9491D6 /* Pods */ = {
			isa = PBXGroup;
			children = (
				553AB4EBB447E004872ED532 /* Pods-Messenger.debug.xcconfig */,
				AACA06C7161F872C92213DAD /* Pods-Messenger.release.xcconfig */,
				E4C813B6A1DE22D62848480C /* Pods-Messenger-MessengerUITests.debug.xcconfig */,
				32AB0523AC0FD36B71FFED7A /* Pods-Messenger-MessengerUITests.release.xcconfig */,
				57C18525FCFAA9EC5C26A03C /* Pods-MessengerTests.debug.xcconfig */,
				E30878D3EF8DC816D20DB94D /* Pods-MessengerTests.release.xcconfig */,
			);
			path = Pods;
			sourceTree = "<group>";
		};
		D28556D6C764862FFDF68128 /* Frameworks */ = {
			isa = PBXGroup;
			children = (
				180194B464DA7800B6BF4DE2 /* Pods_Messenger.framework */,
				8D4811FCB09CF1BFE2ABAE6C /* Pods_Messenger_MessengerUITests.framework */,
				E76A28557FF18A1B41A9B157 /* Pods_MessengerTests.framework */,
			);
			name = Frameworks;
			sourceTree = "<group>";
		};
		F79E7166256CC818005EF62B = {
			isa = PBXGroup;
			children = (
				F79E7171256CC818005EF62B /* Messenger */,
				F79E718B256CC81B005EF62B /* MessengerTests */,
				F79E7196256CC81B005EF62B /* MessengerUITests */,
				F79E7170256CC818005EF62B /* Products */,
				B4CB37B786559ED7EC9491D6 /* Pods */,
				D28556D6C764862FFDF68128 /* Frameworks */,
			);
			sourceTree = "<group>";
		};
		F79E7170256CC818005EF62B /* Products */ = {
			isa = PBXGroup;
			children = (
				F79E716F256CC818005EF62B /* Messenger.app */,
				F79E7188256CC81B005EF62B /* MessengerTests.xctest */,
				F79E7193256CC81B005EF62B /* MessengerUITests.xctest */,
			);
			name = Products;
			sourceTree = "<group>";
		};
		F79E7171256CC818005EF62B /* Messenger */ = {
			isa = PBXGroup;
			children = (
				F79E71AB256CC927005EF62B /* Resources */,
				F79E71AA256CC925005EF62B /* ViewModels */,
				F79E71AC256CC97A005EF62B /* Models */,
				F79E71A9256CC924005EF62B /* VIews */,
				F79E71A8256CC922005EF62B /* Controllers */,
				F79E7183256CC81B005EF62B /* Info.plist */,
				F79E7207256D482C005EF62B /* GoogleService-Info.plist */,
				F79E717B256CC818005EF62B /* Messenger.xcdatamodeld */,
			);
			path = Messenger;
			sourceTree = "<group>";
		};
		F79E718B256CC81B005EF62B /* MessengerTests */ = {
			isa = PBXGroup;
			children = (
				F79E718C256CC81B005EF62B /* MessengerTests.swift */,
				F79E718E256CC81B005EF62B /* Info.plist */,
			);
			path = MessengerTests;
			sourceTree = "<group>";
		};
		F79E7196256CC81B005EF62B /* MessengerUITests */ = {
			isa = PBXGroup;
			children = (
				F79E7197256CC81B005EF62B /* MessengerUITests.swift */,
				F79E7199256CC81B005EF62B /* Info.plist */,
			);
			path = MessengerUITests;
			sourceTree = "<group>";
		};
		F79E71A8256CC922005EF62B /* Controllers */ = {
			isa = PBXGroup;
			children = (
				F79E7176256CC818005EF62B /* ConversationsViewController.swift */,
				F79E7267256F7FF1005EF62B /* ConversationsCell.swift */,
				F79E7277256F8262005EF62B /* ChatViewController.swift */,
				F79E71C2256CD8A6005EF62B /* NewConversationViewController.swift */,
				F79E7282256F9434005EF62B /* NewConversationCell.swift */,
				F79E71DF256CDA40005EF62B /* Login */,
				F79E71CC256CD8D8005EF62B /* PhotoViewerViewController.swift */,
				F79E71D4256CD8F8005EF62B /* VideoViewerViewController.swift */,
				F79E71C7256CD8B9005EF62B /* ProfileViewController.swift */,
				F79E7211256E268A005EF62B /* ProfileCell.swift */,
			);
			path = Controllers;
			sourceTree = "<group>";
		};
		F79E71A9256CC924005EF62B /* VIews */ = {
			isa = PBXGroup;
			children = (
				F79E717E256CC81B005EF62B /* Assets.xcassets */,
				F79E71AD256CC992005EF62B /* Storyboards */,
			);
			path = VIews;
			sourceTree = "<group>";
		};
		F79E71AA256CC925005EF62B /* ViewModels */ = {
			isa = PBXGroup;
			children = (
			);
			path = ViewModels;
			sourceTree = "<group>";
		};
		F79E71AB256CC927005EF62B /* Resources */ = {
			isa = PBXGroup;
			children = (
				F79E7172256CC818005EF62B /* AppDelegate.swift */,
				F79E7174256CC818005EF62B /* SceneDelegate.swift */,
				F79E720C256DFAA9005EF62B /* DatabaseManager.swift */,
			);
			path = Resources;
			sourceTree = "<group>";
		};
		F79E71AC256CC97A005EF62B /* Models */ = {
			isa = PBXGroup;
			children = (
			);
			path = Models;
			sourceTree = "<group>";
		};
		F79E71AD256CC992005EF62B /* Storyboards */ = {
			isa = PBXGroup;
			children = (
				F79E7178256CC818005EF62B /* Main.storyboard */,
				F79E7180256CC81B005EF62B /* LaunchScreen.storyboard */,
				F79E71EB256CE129005EF62B /* Login.storyboard */,
			);
			path = Storyboards;
			sourceTree = "<group>";
		};
		F79E71DF256CDA40005EF62B /* Login */ = {
			isa = PBXGroup;
			children = (
				F79E71B5256CCA29005EF62B /* LoginViewController.swift */,
				F79E71BD256CCA3A005EF62B /* RegisterViewController.swift */,
			);
			name = Login;
			sourceTree = "<group>";
		};
/* End PBXGroup section */

/* Begin PBXNativeTarget section */
		F79E716E256CC818005EF62B /* Messenger */ = {
			isa = PBXNativeTarget;
			buildConfigurationList = F79E719C256CC81B005EF62B /* Build configuration list for PBXNativeTarget "Messenger" */;
			buildPhases = (
				1FEAE8CC515C091566FB2C1E /* [CP] Check Pods Manifest.lock */,
				F79E716B256CC818005EF62B /* Sources */,
				F79E716C256CC818005EF62B /* Frameworks */,
				F79E716D256CC818005EF62B /* Resources */,
				7D2A6C93014F44238E5F36C9 /* [CP] Embed Pods Frameworks */,
				DFD30A273402A867F3173FA4 /* [CP] Copy Pods Resources */,
			);
			buildRules = (
			);
			dependencies = (
			);
			name = Messenger;
			productName = Messenger;
			productReference = F79E716F256CC818005EF62B /* Messenger.app */;
			productType = "com.apple.product-type.application";
		};
		F79E7187256CC81B005EF62B /* MessengerTests */ = {
			isa = PBXNativeTarget;
			buildConfigurationList = F79E719F256CC81B005EF62B /* Build configuration list for PBXNativeTarget "MessengerTests" */;
			buildPhases = (
				9E2430779418B14D23DA2432 /* [CP] Check Pods Manifest.lock */,
				F79E7184256CC81B005EF62B /* Sources */,
				F79E7185256CC81B005EF62B /* Frameworks */,
				F79E7186256CC81B005EF62B /* Resources */,
			);
			buildRules = (
			);
			dependencies = (
				F79E718A256CC81B005EF62B /* PBXTargetDependency */,
			);
			name = MessengerTests;
			productName = MessengerTests;
			productReference = F79E7188256CC81B005EF62B /* MessengerTests.xctest */;
			productType = "com.apple.product-type.bundle.unit-test";
		};
		F79E7192256CC81B005EF62B /* MessengerUITests */ = {
			isa = PBXNativeTarget;
			buildConfigurationList = F79E71A2256CC81B005EF62B /* Build configuration list for PBXNativeTarget "MessengerUITests" */;
			buildPhases = (
				3C5422A55A896C32FF3FB48E /* [CP] Check Pods Manifest.lock */,
				F79E718F256CC81B005EF62B /* Sources */,
				F79E7190256CC81B005EF62B /* Frameworks */,
				F79E7191256CC81B005EF62B /* Resources */,
				D8DE6767A2AC733AC30271B1 /* [CP] Embed Pods Frameworks */,
				9255E0579FE931F7327F666E /* [CP] Copy Pods Resources */,
			);
			buildRules = (
			);
			dependencies = (
				F79E7195256CC81B005EF62B /* PBXTargetDependency */,
			);
			name = MessengerUITests;
			productName = MessengerUITests;
			productReference = F79E7193256CC81B005EF62B /* MessengerUITests.xctest */;
			productType = "com.apple.product-type.bundle.ui-testing";
		};
/* End PBXNativeTarget section */

/* Begin PBXProject section */
		F79E7167256CC818005EF62B /* Project object */ = {
			isa = PBXProject;
			attributes = {
				LastSwiftUpdateCheck = 1220;
				LastUpgradeCheck = 1220;
				TargetAttributes = {
					F79E716E256CC818005EF62B = {
						CreatedOnToolsVersion = 12.2;
					};
					F79E7187256CC81B005EF62B = {
						CreatedOnToolsVersion = 12.2;
						TestTargetID = F79E716E256CC818005EF62B;
					};
					F79E7192256CC81B005EF62B = {
						CreatedOnToolsVersion = 12.2;
						TestTargetID = F79E716E256CC818005EF62B;
					};
				};
			};
			buildConfigurationList = F79E716A256CC818005EF62B /* Build configuration list for PBXProject "Messenger" */;
			compatibilityVersion = "Xcode 9.3";
			developmentRegion = en;
			hasScannedForEncodings = 0;
			knownRegions = (
				en,
				Base,
			);
			mainGroup = F79E7166256CC818005EF62B;
			productRefGroup = F79E7170256CC818005EF62B /* Products */;
			projectDirPath = "";
			projectRoot = "";
			targets = (
				F79E716E256CC818005EF62B /* Messenger */,
				F79E7187256CC81B005EF62B /* MessengerTests */,
				F79E7192256CC81B005EF62B /* MessengerUITests */,
			);
		};
/* End PBXProject section */

/* Begin PBXResourcesBuildPhase section */
		F79E716D256CC818005EF62B /* Resources */ = {
			isa = PBXResourcesBuildPhase;
			buildActionMask = 2147483647;
			files = (
				F79E71EC256CE129005EF62B /* Login.storyboard in Resources */,
				F79E7182256CC81B005EF62B /* LaunchScreen.storyboard in Resources */,
				F79E7208256D482C005EF62B /* GoogleService-Info.plist in Resources */,
				F79E717F256CC81B005EF62B /* Assets.xcassets in Resources */,
				F79E717A256CC818005EF62B /* Main.storyboard in Resources */,
			);
			runOnlyForDeploymentPostprocessing = 0;
		};
		F79E7186256CC81B005EF62B /* Resources */ = {
			isa = PBXResourcesBuildPhase;
			buildActionMask = 2147483647;
			files = (
			);
			runOnlyForDeploymentPostprocessing = 0;
		};
		F79E7191256CC81B005EF62B /* Resources */ = {
			isa = PBXResourcesBuildPhase;
			buildActionMask = 2147483647;
			files = (
			);
			runOnlyForDeploymentPostprocessing = 0;
		};
/* End PBXResourcesBuildPhase section */

/* Begin PBXShellScriptBuildPhase section */
		1FEAE8CC515C091566FB2C1E /* [CP] Check Pods Manifest.lock */ = {
			isa = PBXShellScriptBuildPhase;
			buildActionMask = 2147483647;
			files = (
			);
			inputFileListPaths = (
			);
			inputPaths = (
				"${PODS_PODFILE_DIR_PATH}/Podfile.lock",
				"${PODS_ROOT}/Manifest.lock",
			);
			name = "[CP] Check Pods Manifest.lock";
			outputFileListPaths = (
			);
			outputPaths = (
				"$(DERIVED_FILE_DIR)/Pods-Messenger-checkManifestLockResult.txt",
			);
			runOnlyForDeploymentPostprocessing = 0;
			shellPath = /bin/sh;
			shellScript = "diff \"${PODS_PODFILE_DIR_PATH}/Podfile.lock\" \"${PODS_ROOT}/Manifest.lock\" > /dev/null\nif [ $? != 0 ] ; then\n    # print error to STDERR\n    echo \"error: The sandbox is not in sync with the Podfile.lock. Run 'pod install' or update your CocoaPods installation.\" >&2\n    exit 1\nfi\n# This output is used by Xcode 'outputs' to avoid re-running this script phase.\necho \"SUCCESS\" > \"${SCRIPT_OUTPUT_FILE_0}\"\n";
			showEnvVarsInLog = 0;
		};
		3C5422A55A896C32FF3FB48E /* [CP] Check Pods Manifest.lock */ = {
			isa = PBXShellScriptBuildPhase;
			buildActionMask = 2147483647;
			files = (
			);
			inputFileListPaths = (
			);
			inputPaths = (
				"${PODS_PODFILE_DIR_PATH}/Podfile.lock",
				"${PODS_ROOT}/Manifest.lock",
			);
			name = "[CP] Check Pods Manifest.lock";
			outputFileListPaths = (
			);
			outputPaths = (
				"$(DERIVED_FILE_DIR)/Pods-Messenger-MessengerUITests-checkManifestLockResult.txt",
			);
			runOnlyForDeploymentPostprocessing = 0;
			shellPath = /bin/sh;
			shellScript = "diff \"${PODS_PODFILE_DIR_PATH}/Podfile.lock\" \"${PODS_ROOT}/Manifest.lock\" > /dev/null\nif [ $? != 0 ] ; then\n    # print error to STDERR\n    echo \"error: The sandbox is not in sync with the Podfile.lock. Run 'pod install' or update your CocoaPods installation.\" >&2\n    exit 1\nfi\n# This output is used by Xcode 'outputs' to avoid re-running this script phase.\necho \"SUCCESS\" > \"${SCRIPT_OUTPUT_FILE_0}\"\n";
			showEnvVarsInLog = 0;
		};
		7D2A6C93014F44238E5F36C9 /* [CP] Embed Pods Frameworks */ = {
			isa = PBXShellScriptBuildPhase;
			buildActionMask = 2147483647;
			files = (
			);
			inputFileListPaths = (
				"${PODS_ROOT}/Target Support Files/Pods-Messenger/Pods-Messenger-frameworks-${CONFIGURATION}-input-files.xcfilelist",
			);
			name = "[CP] Embed Pods Frameworks";
			outputFileListPaths = (
				"${PODS_ROOT}/Target Support Files/Pods-Messenger/Pods-Messenger-frameworks-${CONFIGURATION}-output-files.xcfilelist",
			);
			runOnlyForDeploymentPostprocessing = 0;
			shellPath = /bin/sh;
			shellScript = "\"${PODS_ROOT}/Target Support Files/Pods-Messenger/Pods-Messenger-frameworks.sh\"\n";
			showEnvVarsInLog = 0;
		};
		9255E0579FE931F7327F666E /* [CP] Copy Pods Resources */ = {
			isa = PBXShellScriptBuildPhase;
			buildActionMask = 2147483647;
			files = (
			);
			inputFileListPaths = (
				"${PODS_ROOT}/Target Support Files/Pods-Messenger-MessengerUITests/Pods-Messenger-MessengerUITests-resources-${CONFIGURATION}-input-files.xcfilelist",
			);
			name = "[CP] Copy Pods Resources";
			outputFileListPaths = (
				"${PODS_ROOT}/Target Support Files/Pods-Messenger-MessengerUITests/Pods-Messenger-MessengerUITests-resources-${CONFIGURATION}-output-files.xcfilelist",
			);
			runOnlyForDeploymentPostprocessing = 0;
			shellPath = /bin/sh;
			shellScript = "\"${PODS_ROOT}/Target Support Files/Pods-Messenger-MessengerUITests/Pods-Messenger-MessengerUITests-resources.sh\"\n";
			showEnvVarsInLog = 0;
		};
		9E2430779418B14D23DA2432 /* [CP] Check Pods Manifest.lock */ = {
			isa = PBXShellScriptBuildPhase;
			buildActionMask = 2147483647;
			files = (
			);
			inputFileListPaths = (
			);
			inputPaths = (
				"${PODS_PODFILE_DIR_PATH}/Podfile.lock",
				"${PODS_ROOT}/Manifest.lock",
			);
			name = "[CP] Check Pods Manifest.lock";
			outputFileListPaths = (
			);
			outputPaths = (
				"$(DERIVED_FILE_DIR)/Pods-MessengerTests-checkManifestLockResult.txt",
			);
			runOnlyForDeploymentPostprocessing = 0;
			shellPath = /bin/sh;
			shellScript = "diff \"${PODS_PODFILE_DIR_PATH}/Podfile.lock\" \"${PODS_ROOT}/Manifest.lock\" > /dev/null\nif [ $? != 0 ] ; then\n    # print error to STDERR\n    echo \"error: The sandbox is not in sync with the Podfile.lock. Run 'pod install' or update your CocoaPods installation.\" >&2\n    exit 1\nfi\n# This output is used by Xcode 'outputs' to avoid re-running this script phase.\necho \"SUCCESS\" > \"${SCRIPT_OUTPUT_FILE_0}\"\n";
			showEnvVarsInLog = 0;
		};
		D8DE6767A2AC733AC30271B1 /* [CP] Embed Pods Frameworks */ = {
			isa = PBXShellScriptBuildPhase;
			buildActionMask = 2147483647;
			files = (
			);
			inputFileListPaths = (
				"${PODS_ROOT}/Target Support Files/Pods-Messenger-MessengerUITests/Pods-Messenger-MessengerUITests-frameworks-${CONFIGURATION}-input-files.xcfilelist",
			);
			name = "[CP] Embed Pods Frameworks";
			outputFileListPaths = (
				"${PODS_ROOT}/Target Support Files/Pods-Messenger-MessengerUITests/Pods-Messenger-MessengerUITests-frameworks-${CONFIGURATION}-output-files.xcfilelist",
			);
			runOnlyForDeploymentPostprocessing = 0;
			shellPath = /bin/sh;
			shellScript = "\"${PODS_ROOT}/Target Support Files/Pods-Messenger-MessengerUITests/Pods-Messenger-MessengerUITests-frameworks.sh\"\n";
			showEnvVarsInLog = 0;
		};
		DFD30A273402A867F3173FA4 /* [CP] Copy Pods Resources */ = {
			isa = PBXShellScriptBuildPhase;
			buildActionMask = 2147483647;
			files = (
			);
			inputFileListPaths = (
				"${PODS_ROOT}/Target Support Files/Pods-Messenger/Pods-Messenger-resources-${CONFIGURATION}-input-files.xcfilelist",
			);
			name = "[CP] Copy Pods Resources";
			outputFileListPaths = (
				"${PODS_ROOT}/Target Support Files/Pods-Messenger/Pods-Messenger-resources-${CONFIGURATION}-output-files.xcfilelist",
			);
			runOnlyForDeploymentPostprocessing = 0;
			shellPath = /bin/sh;
			shellScript = "\"${PODS_ROOT}/Target Support Files/Pods-Messenger/Pods-Messenger-resources.sh\"\n";
			showEnvVarsInLog = 0;
		};
/* End PBXShellScriptBuildPhase section */

/* Begin PBXSourcesBuildPhase section */
		F79E716B256CC818005EF62B /* Sources */ = {
			isa = PBXSourcesBuildPhase;
			buildActionMask = 2147483647;
			files = (
				F79E7177256CC818005EF62B /* ConversationsViewController.swift in Sources */,
				F79E7283256F9435005EF62B /* NewConversationCell.swift in Sources */,
				F79E720D256DFAAA005EF62B /* DatabaseManager.swift in Sources */,
				F79E71C3256CD8A6005EF62B /* NewConversationViewController.swift in Sources */,
				F79E71D5256CD8F8005EF62B /* VideoViewerViewController.swift in Sources */,
				F79E7173256CC818005EF62B /* AppDelegate.swift in Sources */,
				F79E7175256CC818005EF62B /* SceneDelegate.swift in Sources */,
				F79E71BE256CCA3A005EF62B /* RegisterViewController.swift in Sources */,
				F79E71B6256CCA29005EF62B /* LoginViewController.swift in Sources */,
				F79E71C8256CD8B9005EF62B /* ProfileViewController.swift in Sources */,
				F79E7212256E268A005EF62B /* ProfileCell.swift in Sources */,
				F79E7278256F8262005EF62B /* ChatViewController.swift in Sources */,
				F79E7268256F7FF1005EF62B /* ConversationsCell.swift in Sources */,
				F79E717D256CC818005EF62B /* Messenger.xcdatamodeld in Sources */,
				F79E71CD256CD8D8005EF62B /* PhotoViewerViewController.swift in Sources */,
			);
			runOnlyForDeploymentPostprocessing = 0;
		};
		F79E7184256CC81B005EF62B /* Sources */ = {
			isa = PBXSourcesBuildPhase;
			buildActionMask = 2147483647;
			files = (
				F79E718D256CC81B005EF62B /* MessengerTests.swift in Sources */,
			);
			runOnlyForDeploymentPostprocessing = 0;
		};
		F79E718F256CC81B005EF62B /* Sources */ = {
			isa = PBXSourcesBuildPhase;
			buildActionMask = 2147483647;
			files = (
				F79E7198256CC81B005EF62B /* MessengerUITests.swift in Sources */,
			);
			runOnlyForDeploymentPostprocessing = 0;
		};
/* End PBXSourcesBuildPhase section */

/* Begin PBXTargetDependency section */
		F79E718A256CC81B005EF62B /* PBXTargetDependency */ = {
			isa = PBXTargetDependency;
			target = F79E716E256CC818005EF62B /* Messenger */;
			targetProxy = F79E7189256CC81B005EF62B /* PBXContainerItemProxy */;
		};
		F79E7195256CC81B005EF62B /* PBXTargetDependency */ = {
			isa = PBXTargetDependency;
			target = F79E716E256CC818005EF62B /* Messenger */;
			targetProxy = F79E7194256CC81B005EF62B /* PBXContainerItemProxy */;
		};
/* End PBXTargetDependency section */

/* Begin PBXVariantGroup section */
		F79E7178256CC818005EF62B /* Main.storyboard */ = {
			isa = PBXVariantGroup;
			children = (
				F79E7179256CC818005EF62B /* Base */,
			);
			name = Main.storyboard;
			sourceTree = "<group>";
		};
		F79E7180256CC81B005EF62B /* LaunchScreen.storyboard */ = {
			isa = PBXVariantGroup;
			children = (
				F79E7181256CC81B005EF62B /* Base */,
			);
			name = LaunchScreen.storyboard;
			sourceTree = "<group>";
		};
/* End PBXVariantGroup section */

/* Begin XCBuildConfiguration section */
		F79E719A256CC81B005EF62B /* Debug */ = {
			isa = XCBuildConfiguration;
			buildSettings = {
				ALWAYS_SEARCH_USER_PATHS = NO;
				CLANG_ANALYZER_NONNULL = YES;
				CLANG_ANALYZER_NUMBER_OBJECT_CONVERSION = YES_AGGRESSIVE;
				CLANG_CXX_LANGUAGE_STANDARD = "gnu++14";
				CLANG_CXX_LIBRARY = "libc++";
				CLANG_ENABLE_MODULES = YES;
				CLANG_ENABLE_OBJC_ARC = YES;
				CLANG_ENABLE_OBJC_WEAK = YES;
				CLANG_WARN_BLOCK_CAPTURE_AUTORELEASING = YES;
				CLANG_WARN_BOOL_CONVERSION = YES;
				CLANG_WARN_COMMA = YES;
				CLANG_WARN_CONSTANT_CONVERSION = YES;
				CLANG_WARN_DEPRECATED_OBJC_IMPLEMENTATIONS = YES;
				CLANG_WARN_DIRECT_OBJC_ISA_USAGE = YES_ERROR;
				CLANG_WARN_DOCUMENTATION_COMMENTS = YES;
				CLANG_WARN_EMPTY_BODY = YES;
				CLANG_WARN_ENUM_CONVERSION = YES;
				CLANG_WARN_INFINITE_RECURSION = YES;
				CLANG_WARN_INT_CONVERSION = YES;
				CLANG_WARN_NON_LITERAL_NULL_CONVERSION = YES;
				CLANG_WARN_OBJC_IMPLICIT_RETAIN_SELF = YES;
				CLANG_WARN_OBJC_LITERAL_CONVERSION = YES;
				CLANG_WARN_OBJC_ROOT_CLASS = YES_ERROR;
				CLANG_WARN_QUOTED_INCLUDE_IN_FRAMEWORK_HEADER = YES;
				CLANG_WARN_RANGE_LOOP_ANALYSIS = YES;
				CLANG_WARN_STRICT_PROTOTYPES = YES;
				CLANG_WARN_SUSPICIOUS_MOVE = YES;
				CLANG_WARN_UNGUARDED_AVAILABILITY = YES_AGGRESSIVE;
				CLANG_WARN_UNREACHABLE_CODE = YES;
				CLANG_WARN__DUPLICATE_METHOD_MATCH = YES;
				COPY_PHASE_STRIP = NO;
				DEBUG_INFORMATION_FORMAT = dwarf;
				ENABLE_STRICT_OBJC_MSGSEND = YES;
				ENABLE_TESTABILITY = YES;
				GCC_C_LANGUAGE_STANDARD = gnu11;
				GCC_DYNAMIC_NO_PIC = NO;
				GCC_NO_COMMON_BLOCKS = YES;
				GCC_OPTIMIZATION_LEVEL = 0;
				GCC_PREPROCESSOR_DEFINITIONS = (
					"DEBUG=1",
					"$(inherited)",
				);
				GCC_WARN_64_TO_32_BIT_CONVERSION = YES;
				GCC_WARN_ABOUT_RETURN_TYPE = YES_ERROR;
				GCC_WARN_UNDECLARED_SELECTOR = YES;
				GCC_WARN_UNINITIALIZED_AUTOS = YES_AGGRESSIVE;
				GCC_WARN_UNUSED_FUNCTION = YES;
				GCC_WARN_UNUSED_VARIABLE = YES;
				IPHONEOS_DEPLOYMENT_TARGET = 14.2;
				MTL_ENABLE_DEBUG_INFO = INCLUDE_SOURCE;
				MTL_FAST_MATH = YES;
				ONLY_ACTIVE_ARCH = YES;
				SDKROOT = iphoneos;
				SWIFT_ACTIVE_COMPILATION_CONDITIONS = DEBUG;
				SWIFT_OPTIMIZATION_LEVEL = "-Onone";
			};
			name = Debug;
		};
		F79E719B256CC81B005EF62B /* Release */ = {
			isa = XCBuildConfiguration;
			buildSettings = {
				ALWAYS_SEARCH_USER_PATHS = NO;
				CLANG_ANALYZER_NONNULL = YES;
				CLANG_ANALYZER_NUMBER_OBJECT_CONVERSION = YES_AGGRESSIVE;
				CLANG_CXX_LANGUAGE_STANDARD = "gnu++14";
				CLANG_CXX_LIBRARY = "libc++";
				CLANG_ENABLE_MODULES = YES;
				CLANG_ENABLE_OBJC_ARC = YES;
				CLANG_ENABLE_OBJC_WEAK = YES;
				CLANG_WARN_BLOCK_CAPTURE_AUTORELEASING = YES;
				CLANG_WARN_BOOL_CONVERSION = YES;
				CLANG_WARN_COMMA = YES;
				CLANG_WARN_CONSTANT_CONVERSION = YES;
				CLANG_WARN_DEPRECATED_OBJC_IMPLEMENTATIONS = YES;
				CLANG_WARN_DIRECT_OBJC_ISA_USAGE = YES_ERROR;
				CLANG_WARN_DOCUMENTATION_COMMENTS = YES;
				CLANG_WARN_EMPTY_BODY = YES;
				CLANG_WARN_ENUM_CONVERSION = YES;
				CLANG_WARN_INFINITE_RECURSION = YES;
				CLANG_WARN_INT_CONVERSION = YES;
				CLANG_WARN_NON_LITERAL_NULL_CONVERSION = YES;
				CLANG_WARN_OBJC_IMPLICIT_RETAIN_SELF = YES;
				CLANG_WARN_OBJC_LITERAL_CONVERSION = YES;
				CLANG_WARN_OBJC_ROOT_CLASS = YES_ERROR;
				CLANG_WARN_QUOTED_INCLUDE_IN_FRAMEWORK_HEADER = YES;
				CLANG_WARN_RANGE_LOOP_ANALYSIS = YES;
				CLANG_WARN_STRICT_PROTOTYPES = YES;
				CLANG_WARN_SUSPICIOUS_MOVE = YES;
				CLANG_WARN_UNGUARDED_AVAILABILITY = YES_AGGRESSIVE;
				CLANG_WARN_UNREACHABLE_CODE = YES;
				CLANG_WARN__DUPLICATE_METHOD_MATCH = YES;
				COPY_PHASE_STRIP = NO;
				DEBUG_INFORMATION_FORMAT = "dwarf-with-dsym";
				ENABLE_NS_ASSERTIONS = NO;
				ENABLE_STRICT_OBJC_MSGSEND = YES;
				GCC_C_LANGUAGE_STANDARD = gnu11;
				GCC_NO_COMMON_BLOCKS = YES;
				GCC_WARN_64_TO_32_BIT_CONVERSION = YES;
				GCC_WARN_ABOUT_RETURN_TYPE = YES_ERROR;
				GCC_WARN_UNDECLARED_SELECTOR = YES;
				GCC_WARN_UNINITIALIZED_AUTOS = YES_AGGRESSIVE;
				GCC_WARN_UNUSED_FUNCTION = YES;
				GCC_WARN_UNUSED_VARIABLE = YES;
				IPHONEOS_DEPLOYMENT_TARGET = 14.2;
				MTL_ENABLE_DEBUG_INFO = NO;
				MTL_FAST_MATH = YES;
				SDKROOT = iphoneos;
				SWIFT_COMPILATION_MODE = wholemodule;
				SWIFT_OPTIMIZATION_LEVEL = "-O";
				VALIDATE_PRODUCT = YES;
			};
			name = Release;
		};
		F79E719D256CC81B005EF62B /* Debug */ = {
			isa = XCBuildConfiguration;
			baseConfigurationReference = 553AB4EBB447E004872ED532 /* Pods-Messenger.debug.xcconfig */;
			buildSettings = {
				ASSETCATALOG_COMPILER_APPICON_NAME = AppIcon;
				ASSETCATALOG_COMPILER_GLOBAL_ACCENT_COLOR_NAME = AccentColor;
				CODE_SIGN_STYLE = Automatic;
				DEVELOPMENT_TEAM = 2UW3394MF3;
				INFOPLIST_FILE = Messenger/Info.plist;
				IPHONEOS_DEPLOYMENT_TARGET = 13.0;
				LD_RUNPATH_SEARCH_PATHS = (
					"$(inherited)",
					"@executable_path/Frameworks",
				);
				PRODUCT_BUNDLE_IDENTIFIER = com.archive.Messenger;
				PRODUCT_NAME = "$(TARGET_NAME)";
				SWIFT_VERSION = 5.0;
				TARGETED_DEVICE_FAMILY = "1,2";
			};
			name = Debug;
		};
		F79E719E256CC81B005EF62B /* Release */ = {
			isa = XCBuildConfiguration;
			baseConfigurationReference = AACA06C7161F872C92213DAD /* Pods-Messenger.release.xcconfig */;
			buildSettings = {
				ASSETCATALOG_COMPILER_APPICON_NAME = AppIcon;
				ASSETCATALOG_COMPILER_GLOBAL_ACCENT_COLOR_NAME = AccentColor;
				CODE_SIGN_STYLE = Automatic;
				DEVELOPMENT_TEAM = 2UW3394MF3;
				INFOPLIST_FILE = Messenger/Info.plist;
				IPHONEOS_DEPLOYMENT_TARGET = 13.0;
				LD_RUNPATH_SEARCH_PATHS = (
					"$(inherited)",
					"@executable_path/Frameworks",
				);
				PRODUCT_BUNDLE_IDENTIFIER = com.archive.Messenger;
				PRODUCT_NAME = "$(TARGET_NAME)";
				SWIFT_VERSION = 5.0;
				TARGETED_DEVICE_FAMILY = "1,2";
			};
			name = Release;
		};
		F79E71A0256CC81B005EF62B /* Debug */ = {
			isa = XCBuildConfiguration;
			baseConfigurationReference = 57C18525FCFAA9EC5C26A03C /* Pods-MessengerTests.debug.xcconfig */;
			buildSettings = {
				ALWAYS_EMBED_SWIFT_STANDARD_LIBRARIES = YES;
				BUNDLE_LOADER = "$(TEST_HOST)";
				CODE_SIGN_STYLE = Automatic;
				DEVELOPMENT_TEAM = 2UW3394MF3;
				INFOPLIST_FILE = MessengerTests/Info.plist;
				IPHONEOS_DEPLOYMENT_TARGET = 14.2;
				LD_RUNPATH_SEARCH_PATHS = (
					"$(inherited)",
					"@executable_path/Frameworks",
					"@loader_path/Frameworks",
				);
				PRODUCT_BUNDLE_IDENTIFIER = com.archive.MessengerTests;
				PRODUCT_NAME = "$(TARGET_NAME)";
				SWIFT_VERSION = 5.0;
				TARGETED_DEVICE_FAMILY = "1,2";
				TEST_HOST = "$(BUILT_PRODUCTS_DIR)/Messenger.app/Messenger";
			};
			name = Debug;
		};
		F79E71A1256CC81B005EF62B /* Release */ = {
			isa = XCBuildConfiguration;
			baseConfigurationReference = E30878D3EF8DC816D20DB94D /* Pods-MessengerTests.release.xcconfig */;
			buildSettings = {
				ALWAYS_EMBED_SWIFT_STANDARD_LIBRARIES = YES;
				BUNDLE_LOADER = "$(TEST_HOST)";
				CODE_SIGN_STYLE = Automatic;
				DEVELOPMENT_TEAM = 2UW3394MF3;
				INFOPLIST_FILE = MessengerTests/Info.plist;
				IPHONEOS_DEPLOYMENT_TARGET = 14.2;
				LD_RUNPATH_SEARCH_PATHS = (
					"$(inherited)",
					"@executable_path/Frameworks",
					"@loader_path/Frameworks",
				);
				PRODUCT_BUNDLE_IDENTIFIER = com.archive.MessengerTests;
				PRODUCT_NAME = "$(TARGET_NAME)";
				SWIFT_VERSION = 5.0;
				TARGETED_DEVICE_FAMILY = "1,2";
				TEST_HOST = "$(BUILT_PRODUCTS_DIR)/Messenger.app/Messenger";
			};
			name = Release;
		};
		F79E71A3256CC81B005EF62B /* Debug */ = {
			isa = XCBuildConfiguration;
			baseConfigurationReference = E4C813B6A1DE22D62848480C /* Pods-Messenger-MessengerUITests.debug.xcconfig */;
			buildSettings = {
				ALWAYS_EMBED_SWIFT_STANDARD_LIBRARIES = YES;
				CODE_SIGN_STYLE = Automatic;
				DEVELOPMENT_TEAM = 2UW3394MF3;
				INFOPLIST_FILE = MessengerUITests/Info.plist;
				LD_RUNPATH_SEARCH_PATHS = (
					"$(inherited)",
					"@executable_path/Frameworks",
					"@loader_path/Frameworks",
				);
				PRODUCT_BUNDLE_IDENTIFIER = com.archive.MessengerUITests;
				PRODUCT_NAME = "$(TARGET_NAME)";
				SWIFT_VERSION = 5.0;
				TARGETED_DEVICE_FAMILY = "1,2";
				TEST_TARGET_NAME = Messenger;
			};
			name = Debug;
		};
		F79E71A4256CC81B005EF62B /* Release */ = {
			isa = XCBuildConfiguration;
			baseConfigurationReference = 32AB0523AC0FD36B71FFED7A /* Pods-Messenger-MessengerUITests.release.xcconfig */;
			buildSettings = {
				ALWAYS_EMBED_SWIFT_STANDARD_LIBRARIES = YES;
				CODE_SIGN_STYLE = Automatic;
				DEVELOPMENT_TEAM = 2UW3394MF3;
				INFOPLIST_FILE = MessengerUITests/Info.plist;
				LD_RUNPATH_SEARCH_PATHS = (
					"$(inherited)",
					"@executable_path/Frameworks",
					"@loader_path/Frameworks",
				);
				PRODUCT_BUNDLE_IDENTIFIER = com.archive.MessengerUITests;
				PRODUCT_NAME = "$(TARGET_NAME)";
				SWIFT_VERSION = 5.0;
				TARGETED_DEVICE_FAMILY = "1,2";
				TEST_TARGET_NAME = Messenger;
			};
			name = Release;
		};
/* End XCBuildConfiguration section */

/* Begin XCConfigurationList section */
		F79E716A256CC818005EF62B /* Build configuration list for PBXProject "Messenger" */ = {
			isa = XCConfigurationList;
			buildConfigurations = (
				F79E719A256CC81B005EF62B /* Debug */,
				F79E719B256CC81B005EF62B /* Release */,
			);
			defaultConfigurationIsVisible = 0;
			defaultConfigurationName = Release;
		};
		F79E719C256CC81B005EF62B /* Build configuration list for PBXNativeTarget "Messenger" */ = {
			isa = XCConfigurationList;
			buildConfigurations = (
				F79E719D256CC81B005EF62B /* Debug */,
				F79E719E256CC81B005EF62B /* Release */,
			);
			defaultConfigurationIsVisible = 0;
			defaultConfigurationName = Release;
		};
		F79E719F256CC81B005EF62B /* Build configuration list for PBXNativeTarget "MessengerTests" */ = {
			isa = XCConfigurationList;
			buildConfigurations = (
				F79E71A0256CC81B005EF62B /* Debug */,
				F79E71A1256CC81B005EF62B /* Release */,
			);
			defaultConfigurationIsVisible = 0;
			defaultConfigurationName = Release;
		};
		F79E71A2256CC81B005EF62B /* Build configuration list for PBXNativeTarget "MessengerUITests" */ = {
			isa = XCConfigurationList;
			buildConfigurations = (
				F79E71A3256CC81B005EF62B /* Debug */,
				F79E71A4256CC81B005EF62B /* Release */,
			);
			defaultConfigurationIsVisible = 0;
			defaultConfigurationName = Release;
		};
/* End XCConfigurationList section */

/* Begin XCVersionGroup section */
		F79E717B256CC818005EF62B /* Messenger.xcdatamodeld */ = {
			isa = XCVersionGroup;
			children = (
				F79E717C256CC818005EF62B /* Messenger.xcdatamodel */,
			);
			currentVersion = F79E717C256CC818005EF62B /* Messenger.xcdatamodel */;
			path = Messenger.xcdatamodeld;
			sourceTree = "<group>";
			versionGroupType = wrapper.xcdatamodel;
		};
/* End XCVersionGroup section */
	};
	rootObject = F79E7167256CC818005EF62B /* Project object */;
}
